
Microsoft Visual Studio Solution File, Format Version 12.00
# Visual Studio Version 16
VisualStudioVersion = 16.0.31515.178
MinimumVisualStudioVersion = 10.0.40219.1
Project("{9A19103F-16F7-4668-BE54-9A1E7A4F7556}") = "MovieLib.ConsoleHost", "MovieLib.ConsoleHost\MovieLib.ConsoleHost.csproj", "{1F399D50-EE47-4B87-BB87-EB1F20FD17AF}"
EndProject
Project("{FAE04EC0-301F-11D3-BF4B-00C04F79EFBC}") = "Demo", "Demo\Demo.csproj", "{EDCAF588-CD06-4A1B-97B4-BD646E146A3B}"
EndProject
Global
	GlobalSection(SolutionConfigurationPlatforms) = preSolution
		Debug|Any CPU = Debug|Any CPU
		Release|Any CPU = Release|Any CPU
	EndGlobalSection
	GlobalSection(ProjectConfigurationPlatforms) = postSolution
		{1F399D50-EE47-4B87-BB87-EB1F20FD17AF}.Debug|Any CPU.ActiveCfg = Debug|Any CPU
		{1F399D50-EE47-4B87-BB87-EB1F20FD17AF}.Debug|Any CPU.Build.0 = Debug|Any CPU
		{1F399D50-EE47-4B87-BB87-EB1F20FD17AF}.Release|Any CPU.ActiveCfg = Release|Any CPU
		{1F399D50-EE47-4B87-BB87-EB1F20FD17AF}.Release|Any CPU.Build.0 = Release|Any CPU
		{EDCAF588-CD06-4A1B-97B4-BD646E146A3B}.Debug|Any CPU.ActiveCfg = Debug|Any CPU
		{EDCAF588-CD06-4A1B-97B4-BD646E146A3B}.Debug|Any CPU.Build.0 = Debug|Any CPU
		{EDCAF588-CD06-4A1B-97B4-BD646E146A3B}.Release|Any CPU.ActiveCfg = Release|Any CPU
		{EDCAF588-CD06-4A1B-97B4-BD646E146A3B}.Release|Any CPU.Build.0 = Release|Any CPU
	EndGlobalSection
	GlobalSection(SolutionProperties) = preSolution
		HideSolutionNode = FALSE
	EndGlobalSection
	GlobalSection(ExtensibilityGlobals) = postSolution
		SolutionGuid = {40441469-420F-4416-A572-146923450528}
	EndGlobalSection
EndGlobal
